
Microsoft Visual Studio Solution File, Format Version 12.00
Project("{FAE04EC0-301F-11D3-BF4B-00C04F79EFBC}") = "DedicatedServerCore", "DedicatedServerCore\DedicatedServerCore.csproj", "{8F58C833-5F2F-4943-AE18-DAE0CEEB0589}"
EndProject
Global
	GlobalSection(SolutionConfigurationPlatforms) = preSolution
		Debug|Any CPU = Debug|Any CPU
		Release|Any CPU = Release|Any CPU
	EndGlobalSection
	GlobalSection(ProjectConfigurationPlatforms) = postSolution
		{8F58C833-5F2F-4943-AE18-DAE0CEEB0589}.Debug|Any CPU.ActiveCfg = Debug|Any CPU
		{8F58C833-5F2F-4943-AE18-DAE0CEEB0589}.Debug|Any CPU.Build.0 = Debug|Any CPU
		{8F58C833-5F2F-4943-AE18-DAE0CEEB0589}.Release|Any CPU.ActiveCfg = Release|Any CPU
		{8F58C833-5F2F-4943-AE18-DAE0CEEB0589}.Release|Any CPU.Build.0 = Release|Any CPU
	EndGlobalSection
EndGlobal
